
Microsoft Visual Studio Solution File, Format Version 12.00
# Visual Studio Version 17
VisualStudioVersion = 17.0.31903.59
MinimumVisualStudioVersion = 10.0.40219.1
Project("{2150E333-8FDC-42A3-9474-1A3956D46DE8}") = "src", "src", "{8E852DE3-457B-4AE9-8713-6CC1316B5C51}"
EndProject
Project("{FAE04EC0-301F-11D3-BF4B-00C04F79EFBC}") = "Tourmine.Application", "src\Tourmine.Application\Tourmine.Application.csproj", "{DF5234EC-4DB8-4588-A2C0-48F8DA29B903}"
EndProject
Project("{FAE04EC0-301F-11D3-BF4B-00C04F79EFBC}") = "Tourmine.API", "src\Tourmine.API\Tourmine.API.csproj", "{F17D5F69-27D4-411D-977B-942FDE861EDB}"
EndProject
Project("{FAE04EC0-301F-11D3-BF4B-00C04F79EFBC}") = "Tourmine.Infrastructure", "src\Tourmine.Infrastructure\Tourmine.Infrastructure.csproj", "{A173306A-A2F7-4DEB-99DA-ABC7A3A61331}"
EndProject
Global
	GlobalSection(SolutionConfigurationPlatforms) = preSolution
		Debug|Any CPU = Debug|Any CPU
		Release|Any CPU = Release|Any CPU
	EndGlobalSection
	GlobalSection(SolutionProperties) = preSolution
		HideSolutionNode = FALSE
	EndGlobalSection
	GlobalSection(ProjectConfigurationPlatforms) = postSolution
		{DF5234EC-4DB8-4588-A2C0-48F8DA29B903}.Debug|Any CPU.ActiveCfg = Debug|Any CPU
		{DF5234EC-4DB8-4588-A2C0-48F8DA29B903}.Debug|Any CPU.Build.0 = Debug|Any CPU
		{DF5234EC-4DB8-4588-A2C0-48F8DA29B903}.Release|Any CPU.ActiveCfg = Release|Any CPU
		{DF5234EC-4DB8-4588-A2C0-48F8DA29B903}.Release|Any CPU.Build.0 = Release|Any CPU
		{F17D5F69-27D4-411D-977B-942FDE861EDB}.Debug|Any CPU.ActiveCfg = Debug|Any CPU
		{F17D5F69-27D4-411D-977B-942FDE861EDB}.Debug|Any CPU.Build.0 = Debug|Any CPU
		{F17D5F69-27D4-411D-977B-942FDE861EDB}.Release|Any CPU.ActiveCfg = Release|Any CPU
		{F17D5F69-27D4-411D-977B-942FDE861EDB}.Release|Any CPU.Build.0 = Release|Any CPU
		{A173306A-A2F7-4DEB-99DA-ABC7A3A61331}.Debug|Any CPU.ActiveCfg = Debug|Any CPU
		{A173306A-A2F7-4DEB-99DA-ABC7A3A61331}.Debug|Any CPU.Build.0 = Debug|Any CPU
		{A173306A-A2F7-4DEB-99DA-ABC7A3A61331}.Release|Any CPU.ActiveCfg = Release|Any CPU
		{A173306A-A2F7-4DEB-99DA-ABC7A3A61331}.Release|Any CPU.Build.0 = Release|Any CPU
	EndGlobalSection
	GlobalSection(NestedProjects) = preSolution
		{DF5234EC-4DB8-4588-A2C0-48F8DA29B903} = {8E852DE3-457B-4AE9-8713-6CC1316B5C51}
		{F17D5F69-27D4-411D-977B-942FDE861EDB} = {8E852DE3-457B-4AE9-8713-6CC1316B5C51}
		{A173306A-A2F7-4DEB-99DA-ABC7A3A61331} = {8E852DE3-457B-4AE9-8713-6CC1316B5C51}
	EndGlobalSection
EndGlobal
